
Microsoft Visual Studio Solution File, Format Version 12.00
# Visual Studio Version 17
VisualStudioVersion = 17.6.33617.297
MinimumVisualStudioVersion = 10.0.40219.1
Project("{9A19103F-16F7-4668-BE54-9A1E7A4F7556}") = "utauPlugin", "utauPlugin\utauPlugin.csproj", "{C08197D8-8323-4E6E-AAB4-F0B57CC304BD}"
EndProject
Project("{9A19103F-16F7-4668-BE54-9A1E7A4F7556}") = "AddOverlap", "AddOverlap\AddOverlap.csproj", "{CBDF6A5D-316D-4FCC-9909-5766E81C2ADF}"
EndProject
Project("{9A19103F-16F7-4668-BE54-9A1E7A4F7556}") = "InsertNote", "InsertNote\InsertNote.csproj", "{06DB6092-9C90-4560-9827-8CE5FE19EE99}"
EndProject
Project("{9A19103F-16F7-4668-BE54-9A1E7A4F7556}") = "noteNumUp", "noteNumUp\noteNumUp.csproj", "{99657C71-EF30-4A97-A69C-24A1C278152A}"
EndProject
Project("{9A19103F-16F7-4668-BE54-9A1E7A4F7556}") = "utauPlugin.Test", "utauPlugin.Test\utauPlugin.Test.csproj", "{925E840F-B8F5-4D29-ABE1-E75A023558DC}"
EndProject
Global
	GlobalSection(SolutionConfigurationPlatforms) = preSolution
		Debug|Any CPU = Debug|Any CPU
		Release|Any CPU = Release|Any CPU
	EndGlobalSection
	GlobalSection(ProjectConfigurationPlatforms) = postSolution
		{C08197D8-8323-4E6E-AAB4-F0B57CC304BD}.Debug|Any CPU.ActiveCfg = Debug|Any CPU
		{C08197D8-8323-4E6E-AAB4-F0B57CC304BD}.Debug|Any CPU.Build.0 = Debug|Any CPU
		{C08197D8-8323-4E6E-AAB4-F0B57CC304BD}.Release|Any CPU.ActiveCfg = Release|Any CPU
		{C08197D8-8323-4E6E-AAB4-F0B57CC304BD}.Release|Any CPU.Build.0 = Release|Any CPU
		{CBDF6A5D-316D-4FCC-9909-5766E81C2ADF}.Debug|Any CPU.ActiveCfg = Debug|Any CPU
		{CBDF6A5D-316D-4FCC-9909-5766E81C2ADF}.Debug|Any CPU.Build.0 = Debug|Any CPU
		{CBDF6A5D-316D-4FCC-9909-5766E81C2ADF}.Release|Any CPU.ActiveCfg = Release|Any CPU
		{CBDF6A5D-316D-4FCC-9909-5766E81C2ADF}.Release|Any CPU.Build.0 = Release|Any CPU
		{06DB6092-9C90-4560-9827-8CE5FE19EE99}.Debug|Any CPU.ActiveCfg = Debug|Any CPU
		{06DB6092-9C90-4560-9827-8CE5FE19EE99}.Debug|Any CPU.Build.0 = Debug|Any CPU
		{06DB6092-9C90-4560-9827-8CE5FE19EE99}.Release|Any CPU.ActiveCfg = Release|Any CPU
		{06DB6092-9C90-4560-9827-8CE5FE19EE99}.Release|Any CPU.Build.0 = Release|Any CPU
		{99657C71-EF30-4A97-A69C-24A1C278152A}.Debug|Any CPU.ActiveCfg = Debug|Any CPU
		{99657C71-EF30-4A97-A69C-24A1C278152A}.Debug|Any CPU.Build.0 = Debug|Any CPU
		{99657C71-EF30-4A97-A69C-24A1C278152A}.Release|Any CPU.ActiveCfg = Release|Any CPU
		{99657C71-EF30-4A97-A69C-24A1C278152A}.Release|Any CPU.Build.0 = Release|Any CPU
		{925E840F-B8F5-4D29-ABE1-E75A023558DC}.Debug|Any CPU.ActiveCfg = Debug|Any CPU
		{925E840F-B8F5-4D29-ABE1-E75A023558DC}.Debug|Any CPU.Build.0 = Debug|Any CPU
		{925E840F-B8F5-4D29-ABE1-E75A023558DC}.Release|Any CPU.ActiveCfg = Release|Any CPU
		{925E840F-B8F5-4D29-ABE1-E75A023558DC}.Release|Any CPU.Build.0 = Release|Any CPU
	EndGlobalSection
	GlobalSection(SolutionProperties) = preSolution
		HideSolutionNode = FALSE
	EndGlobalSection
	GlobalSection(ExtensibilityGlobals) = postSolution
		SolutionGuid = {1E0C6389-7B9D-47CB-A0AD-A1C7F7382D44}
	EndGlobalSection
EndGlobal
